
Microsoft Visual Studio Solution File, Format Version 12.00
# Visual Studio Version 17
VisualStudioVersion = 17.14.36212.18 d17.14
MinimumVisualStudioVersion = 10.0.40219.1
Project("{FAE04EC0-301F-11D3-BF4B-00C04F79EFBC}") = "SWWhatsAppLambdaSQSEnvio", "SWWhatsAppLambdaSQSEnvio.csproj", "{7E6AA273-31E4-2BA7-63FB-12619159279A}"
EndProject
Global
	GlobalSection(SolutionConfigurationPlatforms) = preSolution
		Debug|Any CPU = Debug|Any CPU
		Release|Any CPU = Release|Any CPU
	EndGlobalSection
	GlobalSection(ProjectConfigurationPlatforms) = postSolution
		{7E6AA273-31E4-2BA7-63FB-12619159279A}.Debug|Any CPU.ActiveCfg = Debug|Any CPU
		{7E6AA273-31E4-2BA7-63FB-12619159279A}.Debug|Any CPU.Build.0 = Debug|Any CPU
		{7E6AA273-31E4-2BA7-63FB-12619159279A}.Release|Any CPU.ActiveCfg = Release|Any CPU
		{7E6AA273-31E4-2BA7-63FB-12619159279A}.Release|Any CPU.Build.0 = Release|Any CPU
	EndGlobalSection
	GlobalSection(SolutionProperties) = preSolution
		HideSolutionNode = FALSE
	EndGlobalSection
	GlobalSection(ExtensibilityGlobals) = postSolution
		SolutionGuid = {19C6DE75-BACF-4587-A1C2-27A3D8C32346}
	EndGlobalSection
EndGlobal
